
Microsoft Visual Studio Solution File, Format Version 12.00
# Visual Studio Version 17
VisualStudioVersion = 17.4.33205.214
MinimumVisualStudioVersion = 10.0.40219.1
Project("{FAE04EC0-301F-11D3-BF4B-00C04F79EFBC}") = "PDFTest1", "PDFTest1.csproj", "{62585191-49E6-4E38-948A-11D26928378E}"
EndProject
Global
	GlobalSection(SolutionConfigurationPlatforms) = preSolution
		Debug|Any CPU = Debug|Any CPU
		Release|Any CPU = Release|Any CPU
	EndGlobalSection
	GlobalSection(ProjectConfigurationPlatforms) = postSolution
		{62585191-49E6-4E38-948A-11D26928378E}.Debug|Any CPU.ActiveCfg = Debug|Any CPU
		{62585191-49E6-4E38-948A-11D26928378E}.Debug|Any CPU.Build.0 = Debug|Any CPU
		{62585191-49E6-4E38-948A-11D26928378E}.Release|Any CPU.ActiveCfg = Release|Any CPU
		{62585191-49E6-4E38-948A-11D26928378E}.Release|Any CPU.Build.0 = Release|Any CPU
	EndGlobalSection
	GlobalSection(SolutionProperties) = preSolution
		HideSolutionNode = FALSE
	EndGlobalSection
	GlobalSection(ExtensibilityGlobals) = postSolution
		SolutionGuid = {C3041657-B81F-4F0F-9F13-9C21F7CB1A76}
	EndGlobalSection
EndGlobal
